
Microsoft Visual Studio Solution File, Format Version 12.00
# Visual Studio Version 17
VisualStudioVersion = 17.10.35122.118
MinimumVisualStudioVersion = 10.0.40219.1
Project("{FAE04EC0-301F-11D3-BF4B-00C04F79EFBC}") = "ListaDobleLib", "ListaDobleLib\ListaDobleLib.csproj", "{A9348C84-32FC-4C0A-B01E-0A58E277190B}"
EndProject
Project("{FAE04EC0-301F-11D3-BF4B-00C04F79EFBC}") = "ListaDobleTests", "ListaDobleTests\ListaDobleTests.csproj", "{29F4544C-6A99-4B66-9093-F81ECAEF63B2}"
EndProject
Global
	GlobalSection(SolutionConfigurationPlatforms) = preSolution
		Debug|Any CPU = Debug|Any CPU
		Release|Any CPU = Release|Any CPU
	EndGlobalSection
	GlobalSection(ProjectConfigurationPlatforms) = postSolution
		{A9348C84-32FC-4C0A-B01E-0A58E277190B}.Debug|Any CPU.ActiveCfg = Debug|Any CPU
		{A9348C84-32FC-4C0A-B01E-0A58E277190B}.Debug|Any CPU.Build.0 = Debug|Any CPU
		{A9348C84-32FC-4C0A-B01E-0A58E277190B}.Release|Any CPU.ActiveCfg = Release|Any CPU
		{A9348C84-32FC-4C0A-B01E-0A58E277190B}.Release|Any CPU.Build.0 = Release|Any CPU
		{29F4544C-6A99-4B66-9093-F81ECAEF63B2}.Debug|Any CPU.ActiveCfg = Debug|Any CPU
		{29F4544C-6A99-4B66-9093-F81ECAEF63B2}.Debug|Any CPU.Build.0 = Debug|Any CPU
		{29F4544C-6A99-4B66-9093-F81ECAEF63B2}.Release|Any CPU.ActiveCfg = Release|Any CPU
		{29F4544C-6A99-4B66-9093-F81ECAEF63B2}.Release|Any CPU.Build.0 = Release|Any CPU
	EndGlobalSection
	GlobalSection(SolutionProperties) = preSolution
		HideSolutionNode = FALSE
	EndGlobalSection
	GlobalSection(ExtensibilityGlobals) = postSolution
		SolutionGuid = {CAECD85A-C71D-493B-8EFA-EDDA2D2C9CCE}
	EndGlobalSection
EndGlobal
